
Microsoft Visual Studio Solution File, Format Version 12.00
# Visual Studio Version 17
VisualStudioVersion = 17.1.32421.90
MinimumVisualStudioVersion = 10.0.40219.1
Project("{FAE04EC0-301F-11D3-BF4B-00C04F79EFBC}") = "products_catalogue", "products_catalogue\products_catalogue.csproj", "{54E83F37-E69A-45CD-8042-0B25770E48E6}"
EndProject
Project("{FAE04EC0-301F-11D3-BF4B-00C04F79EFBC}") = "products_catalogue.Tests", "products_catalogue.Tests\products_catalogue.Tests.csproj", "{632543E8-9CFD-498D-9A8D-426809A19E53}"
EndProject
Global
	GlobalSection(SolutionConfigurationPlatforms) = preSolution
		Debug|Any CPU = Debug|Any CPU
		Release|Any CPU = Release|Any CPU
	EndGlobalSection
	GlobalSection(ProjectConfigurationPlatforms) = postSolution
		{54E83F37-E69A-45CD-8042-0B25770E48E6}.Debug|Any CPU.ActiveCfg = Debug|Any CPU
		{54E83F37-E69A-45CD-8042-0B25770E48E6}.Debug|Any CPU.Build.0 = Debug|Any CPU
		{54E83F37-E69A-45CD-8042-0B25770E48E6}.Release|Any CPU.ActiveCfg = Release|Any CPU
		{54E83F37-E69A-45CD-8042-0B25770E48E6}.Release|Any CPU.Build.0 = Release|Any CPU
		{632543E8-9CFD-498D-9A8D-426809A19E53}.Debug|Any CPU.ActiveCfg = Debug|Any CPU
		{632543E8-9CFD-498D-9A8D-426809A19E53}.Debug|Any CPU.Build.0 = Debug|Any CPU
		{632543E8-9CFD-498D-9A8D-426809A19E53}.Release|Any CPU.ActiveCfg = Release|Any CPU
		{632543E8-9CFD-498D-9A8D-426809A19E53}.Release|Any CPU.Build.0 = Release|Any CPU
	EndGlobalSection
	GlobalSection(SolutionProperties) = preSolution
		HideSolutionNode = FALSE
	EndGlobalSection
	GlobalSection(ExtensibilityGlobals) = postSolution
		SolutionGuid = {5175D11D-6928-45FF-AA1E-E390CEFE18E2}
	EndGlobalSection
EndGlobal
